
Microsoft Visual Studio Solution File, Format Version 12.00
# Visual Studio Version 17
VisualStudioVersion = 17.8.34330.188
MinimumVisualStudioVersion = 10.0.40219.1
Project("{FAE04EC0-301F-11D3-BF4B-00C04F79EFBC}") = "SchoolGradeSystem", "SchoolGradeSystem\SchoolGradeSystem.csproj", "{BC6AD2B7-875E-4489-87CE-6B478A03386B}"
EndProject
Global
	GlobalSection(SolutionConfigurationPlatforms) = preSolution
		Debug|Any CPU = Debug|Any CPU
		Release|Any CPU = Release|Any CPU
	EndGlobalSection
	GlobalSection(ProjectConfigurationPlatforms) = postSolution
		{BC6AD2B7-875E-4489-87CE-6B478A03386B}.Debug|Any CPU.ActiveCfg = Debug|Any CPU
		{BC6AD2B7-875E-4489-87CE-6B478A03386B}.Debug|Any CPU.Build.0 = Debug|Any CPU
		{BC6AD2B7-875E-4489-87CE-6B478A03386B}.Release|Any CPU.ActiveCfg = Release|Any CPU
		{BC6AD2B7-875E-4489-87CE-6B478A03386B}.Release|Any CPU.Build.0 = Release|Any CPU
	EndGlobalSection
	GlobalSection(SolutionProperties) = preSolution
		HideSolutionNode = FALSE
	EndGlobalSection
	GlobalSection(ExtensibilityGlobals) = postSolution
		SolutionGuid = {4F79CACF-FE97-4108-A22D-45A294982AE7}
	EndGlobalSection
EndGlobal
